
Microsoft Visual Studio Solution File, Format Version 12.00
# Visual Studio Version 17
VisualStudioVersion = 17.3.32922.545
MinimumVisualStudioVersion = 10.0.40219.1
Project("{9A19103F-16F7-4668-BE54-9A1E7A4F7556}") = "TodoList.Api", "TodoList.Api\TodoList.Api.csproj", "{065CE954-2618-4A24-A613-9C336C2154C6}"
EndProject
Project("{9A19103F-16F7-4668-BE54-9A1E7A4F7556}") = "Services", "..\Services\Services.csproj", "{4B854831-3CD5-4486-9278-A53FE198476B}"
EndProject
Project("{9A19103F-16F7-4668-BE54-9A1E7A4F7556}") = "Infrastructure", "..\Infrastructure\Infrastructure.csproj", "{7F28537F-4913-4B57-BBDC-1EE55FD548AC}"
EndProject
Project("{9A19103F-16F7-4668-BE54-9A1E7A4F7556}") = "Core", "..\Core\Core.csproj", "{123C3841-42EE-4446-BB0E-843EB84AD2F2}"
EndProject
Project("{2150E333-8FDC-42A3-9474-1A3956D46DE8}") = "Testings", "Testings", "{51346395-A0EE-4BDC-8434-F1DA4FA012AF}"
EndProject
Project("{2150E333-8FDC-42A3-9474-1A3956D46DE8}") = "Unit Testings", "Unit Testings", "{67528778-C35A-49AB-B8C7-16D7EE21C470}"
EndProject
Project("{FAE04EC0-301F-11D3-BF4B-00C04F79EFBC}") = "WebApi", "..\TodoApp.UnitTests\WebApi\WebApi\WebApi.csproj", "{6DC5093C-1135-4F80-8BD0-22A4C9103EC7}"
EndProject
Project("{9A19103F-16F7-4668-BE54-9A1E7A4F7556}") = "Services", "..\TodoApp.UnitTests\Services\Services\Services.csproj", "{F504D3BB-8D85-4847-8F92-6CB769B040E6}"
EndProject
Global
	GlobalSection(SolutionConfigurationPlatforms) = preSolution
		Debug|Any CPU = Debug|Any CPU
		Release|Any CPU = Release|Any CPU
	EndGlobalSection
	GlobalSection(ProjectConfigurationPlatforms) = postSolution
		{065CE954-2618-4A24-A613-9C336C2154C6}.Debug|Any CPU.ActiveCfg = Debug|Any CPU
		{065CE954-2618-4A24-A613-9C336C2154C6}.Debug|Any CPU.Build.0 = Debug|Any CPU
		{065CE954-2618-4A24-A613-9C336C2154C6}.Release|Any CPU.ActiveCfg = Release|Any CPU
		{065CE954-2618-4A24-A613-9C336C2154C6}.Release|Any CPU.Build.0 = Release|Any CPU
		{4B854831-3CD5-4486-9278-A53FE198476B}.Debug|Any CPU.ActiveCfg = Debug|Any CPU
		{4B854831-3CD5-4486-9278-A53FE198476B}.Debug|Any CPU.Build.0 = Debug|Any CPU
		{4B854831-3CD5-4486-9278-A53FE198476B}.Release|Any CPU.ActiveCfg = Release|Any CPU
		{4B854831-3CD5-4486-9278-A53FE198476B}.Release|Any CPU.Build.0 = Release|Any CPU
		{7F28537F-4913-4B57-BBDC-1EE55FD548AC}.Debug|Any CPU.ActiveCfg = Debug|Any CPU
		{7F28537F-4913-4B57-BBDC-1EE55FD548AC}.Debug|Any CPU.Build.0 = Debug|Any CPU
		{7F28537F-4913-4B57-BBDC-1EE55FD548AC}.Release|Any CPU.ActiveCfg = Release|Any CPU
		{7F28537F-4913-4B57-BBDC-1EE55FD548AC}.Release|Any CPU.Build.0 = Release|Any CPU
		{123C3841-42EE-4446-BB0E-843EB84AD2F2}.Debug|Any CPU.ActiveCfg = Debug|Any CPU
		{123C3841-42EE-4446-BB0E-843EB84AD2F2}.Debug|Any CPU.Build.0 = Debug|Any CPU
		{123C3841-42EE-4446-BB0E-843EB84AD2F2}.Release|Any CPU.ActiveCfg = Release|Any CPU
		{123C3841-42EE-4446-BB0E-843EB84AD2F2}.Release|Any CPU.Build.0 = Release|Any CPU
		{6DC5093C-1135-4F80-8BD0-22A4C9103EC7}.Debug|Any CPU.ActiveCfg = Debug|Any CPU
		{6DC5093C-1135-4F80-8BD0-22A4C9103EC7}.Debug|Any CPU.Build.0 = Debug|Any CPU
		{6DC5093C-1135-4F80-8BD0-22A4C9103EC7}.Release|Any CPU.ActiveCfg = Release|Any CPU
		{6DC5093C-1135-4F80-8BD0-22A4C9103EC7}.Release|Any CPU.Build.0 = Release|Any CPU
		{F504D3BB-8D85-4847-8F92-6CB769B040E6}.Debug|Any CPU.ActiveCfg = Debug|Any CPU
		{F504D3BB-8D85-4847-8F92-6CB769B040E6}.Debug|Any CPU.Build.0 = Debug|Any CPU
		{F504D3BB-8D85-4847-8F92-6CB769B040E6}.Release|Any CPU.ActiveCfg = Release|Any CPU
		{F504D3BB-8D85-4847-8F92-6CB769B040E6}.Release|Any CPU.Build.0 = Release|Any CPU
	EndGlobalSection
	GlobalSection(SolutionProperties) = preSolution
		HideSolutionNode = FALSE
	EndGlobalSection
	GlobalSection(NestedProjects) = preSolution
		{67528778-C35A-49AB-B8C7-16D7EE21C470} = {51346395-A0EE-4BDC-8434-F1DA4FA012AF}
		{6DC5093C-1135-4F80-8BD0-22A4C9103EC7} = {67528778-C35A-49AB-B8C7-16D7EE21C470}
		{F504D3BB-8D85-4847-8F92-6CB769B040E6} = {67528778-C35A-49AB-B8C7-16D7EE21C470}
	EndGlobalSection
	GlobalSection(ExtensibilityGlobals) = postSolution
		SolutionGuid = {061F7879-5D14-4C5E-A4A9-782C6FEB1132}
	EndGlobalSection
EndGlobal
